
Microsoft Visual Studio Solution File, Format Version 12.00
# Visual Studio Version 17
VisualStudioVersion = 17.8.34330.188
MinimumVisualStudioVersion = 10.0.40219.1
Project("{FAE04EC0-301F-11D3-BF4B-00C04F79EFBC}") = "Builder", "Builder.csproj", "{97F4432F-1562-41DA-AA60-DF093ECFBBAD}"
EndProject
Global
	GlobalSection(SolutionConfigurationPlatforms) = preSolution
		Debug|Any CPU = Debug|Any CPU
		Release|Any CPU = Release|Any CPU
	EndGlobalSection
	GlobalSection(ProjectConfigurationPlatforms) = postSolution
		{97F4432F-1562-41DA-AA60-DF093ECFBBAD}.Debug|Any CPU.ActiveCfg = Debug|Any CPU
		{97F4432F-1562-41DA-AA60-DF093ECFBBAD}.Debug|Any CPU.Build.0 = Debug|Any CPU
		{97F4432F-1562-41DA-AA60-DF093ECFBBAD}.Release|Any CPU.ActiveCfg = Release|Any CPU
		{97F4432F-1562-41DA-AA60-DF093ECFBBAD}.Release|Any CPU.Build.0 = Release|Any CPU
	EndGlobalSection
	GlobalSection(SolutionProperties) = preSolution
		HideSolutionNode = FALSE
	EndGlobalSection
	GlobalSection(ExtensibilityGlobals) = postSolution
		SolutionGuid = {8B8A683E-1F24-461A-9D65-3216F09E7488}
	EndGlobalSection
EndGlobal
