
Microsoft Visual Studio Solution File, Format Version 12.00
# Visual Studio Version 17
VisualStudioVersion = 17.8.34330.188
MinimumVisualStudioVersion = 10.0.40219.1
Project("{FAE04EC0-301F-11D3-BF4B-00C04F79EFBC}") = "Lazy Initialization", "Lazy Initialization.csproj", "{AE0F202F-08C1-43AC-9F5F-739632E4AE4A}"
EndProject
Global
	GlobalSection(SolutionConfigurationPlatforms) = preSolution
		Debug|Any CPU = Debug|Any CPU
		Release|Any CPU = Release|Any CPU
	EndGlobalSection
	GlobalSection(ProjectConfigurationPlatforms) = postSolution
		{AE0F202F-08C1-43AC-9F5F-739632E4AE4A}.Debug|Any CPU.ActiveCfg = Debug|Any CPU
		{AE0F202F-08C1-43AC-9F5F-739632E4AE4A}.Debug|Any CPU.Build.0 = Debug|Any CPU
		{AE0F202F-08C1-43AC-9F5F-739632E4AE4A}.Release|Any CPU.ActiveCfg = Release|Any CPU
		{AE0F202F-08C1-43AC-9F5F-739632E4AE4A}.Release|Any CPU.Build.0 = Release|Any CPU
	EndGlobalSection
	GlobalSection(SolutionProperties) = preSolution
		HideSolutionNode = FALSE
	EndGlobalSection
	GlobalSection(ExtensibilityGlobals) = postSolution
		SolutionGuid = {E90458B3-2FE2-49D9-9510-D3A5B3B9EF55}
	EndGlobalSection
EndGlobal
