
Microsoft Visual Studio Solution File, Format Version 12.00
# Visual Studio Version 17
VisualStudioVersion = 17.8.34330.188
MinimumVisualStudioVersion = 10.0.40219.1
Project("{FAE04EC0-301F-11D3-BF4B-00C04F79EFBC}") = "Extensions", "Extensions.csproj", "{F474D9E4-7B44-4297-B474-0B7D560E88ED}"
EndProject
Global
	GlobalSection(SolutionConfigurationPlatforms) = preSolution
		Debug|Any CPU = Debug|Any CPU
		Release|Any CPU = Release|Any CPU
	EndGlobalSection
	GlobalSection(ProjectConfigurationPlatforms) = postSolution
		{F474D9E4-7B44-4297-B474-0B7D560E88ED}.Debug|Any CPU.ActiveCfg = Debug|Any CPU
		{F474D9E4-7B44-4297-B474-0B7D560E88ED}.Debug|Any CPU.Build.0 = Debug|Any CPU
		{F474D9E4-7B44-4297-B474-0B7D560E88ED}.Release|Any CPU.ActiveCfg = Release|Any CPU
		{F474D9E4-7B44-4297-B474-0B7D560E88ED}.Release|Any CPU.Build.0 = Release|Any CPU
	EndGlobalSection
	GlobalSection(SolutionProperties) = preSolution
		HideSolutionNode = FALSE
	EndGlobalSection
	GlobalSection(ExtensibilityGlobals) = postSolution
		SolutionGuid = {21FD3B3D-490E-4923-9160-DC3E32BD55B1}
	EndGlobalSection
EndGlobal
