
Microsoft Visual Studio Solution File, Format Version 12.00
# Visual Studio Version 17
VisualStudioVersion = 17.8.34330.188
MinimumVisualStudioVersion = 10.0.40219.1
Project("{FAE04EC0-301F-11D3-BF4B-00C04F79EFBC}") = "Factory Method", "Factory Method.csproj", "{0493C0A4-D1E1-460D-B798-6F07A99ACB6A}"
EndProject
Global
	GlobalSection(SolutionConfigurationPlatforms) = preSolution
		Debug|Any CPU = Debug|Any CPU
		Release|Any CPU = Release|Any CPU
	EndGlobalSection
	GlobalSection(ProjectConfigurationPlatforms) = postSolution
		{0493C0A4-D1E1-460D-B798-6F07A99ACB6A}.Debug|Any CPU.ActiveCfg = Debug|Any CPU
		{0493C0A4-D1E1-460D-B798-6F07A99ACB6A}.Debug|Any CPU.Build.0 = Debug|Any CPU
		{0493C0A4-D1E1-460D-B798-6F07A99ACB6A}.Release|Any CPU.ActiveCfg = Release|Any CPU
		{0493C0A4-D1E1-460D-B798-6F07A99ACB6A}.Release|Any CPU.Build.0 = Release|Any CPU
	EndGlobalSection
	GlobalSection(SolutionProperties) = preSolution
		HideSolutionNode = FALSE
	EndGlobalSection
	GlobalSection(ExtensibilityGlobals) = postSolution
		SolutionGuid = {84D8F5F7-6A4C-417B-9FF6-11D8D0907BF4}
	EndGlobalSection
EndGlobal
