
Microsoft Visual Studio Solution File, Format Version 12.00
# Visual Studio Version 17
VisualStudioVersion = 17.8.34330.188
MinimumVisualStudioVersion = 10.0.40219.1
Project("{FAE04EC0-301F-11D3-BF4B-00C04F79EFBC}") = "Singleton", "Singleton.csproj", "{50497FCC-C46D-4863-AC53-0BA05C091066}"
EndProject
Global
	GlobalSection(SolutionConfigurationPlatforms) = preSolution
		Debug|Any CPU = Debug|Any CPU
		Release|Any CPU = Release|Any CPU
	EndGlobalSection
	GlobalSection(ProjectConfigurationPlatforms) = postSolution
		{50497FCC-C46D-4863-AC53-0BA05C091066}.Debug|Any CPU.ActiveCfg = Debug|Any CPU
		{50497FCC-C46D-4863-AC53-0BA05C091066}.Debug|Any CPU.Build.0 = Debug|Any CPU
		{50497FCC-C46D-4863-AC53-0BA05C091066}.Release|Any CPU.ActiveCfg = Release|Any CPU
		{50497FCC-C46D-4863-AC53-0BA05C091066}.Release|Any CPU.Build.0 = Release|Any CPU
	EndGlobalSection
	GlobalSection(SolutionProperties) = preSolution
		HideSolutionNode = FALSE
	EndGlobalSection
	GlobalSection(ExtensibilityGlobals) = postSolution
		SolutionGuid = {C759EC7F-D944-4E2D-85B8-9B6E85C3BB92}
	EndGlobalSection
EndGlobal
